
Microsoft Visual Studio Solution File, Format Version 12.00
# Visual Studio 15
VisualStudioVersion = 15.0.27703.2035
MinimumVisualStudioVersion = 10.0.40219.1
Project("{9A19103F-16F7-4668-BE54-9A1E7A4F7556}") = "KnowledgeBase.Api", "KnowledgeBase.Api\KnowledgeBase.Api.csproj", "{FC51E938-A694-4742-B2D3-CBDA65F9861C}"
EndProject
Project("{FAE04EC0-301F-11D3-BF4B-00C04F79EFBC}") = "KnowledgeBase.Core", "KnowledgeBase.Core\KnowledgeBase.Core.csproj", "{ECB35657-CFB3-469C-A9C8-4EA95E26277D}"
EndProject
Global
	GlobalSection(SolutionConfigurationPlatforms) = preSolution
		Debug|Any CPU = Debug|Any CPU
		Release|Any CPU = Release|Any CPU
	EndGlobalSection
	GlobalSection(ProjectConfigurationPlatforms) = postSolution
		{FC51E938-A694-4742-B2D3-CBDA65F9861C}.Debug|Any CPU.ActiveCfg = Debug|Any CPU
		{FC51E938-A694-4742-B2D3-CBDA65F9861C}.Debug|Any CPU.Build.0 = Debug|Any CPU
		{FC51E938-A694-4742-B2D3-CBDA65F9861C}.Release|Any CPU.ActiveCfg = Release|Any CPU
		{FC51E938-A694-4742-B2D3-CBDA65F9861C}.Release|Any CPU.Build.0 = Release|Any CPU
		{ECB35657-CFB3-469C-A9C8-4EA95E26277D}.Debug|Any CPU.ActiveCfg = Debug|Any CPU
		{ECB35657-CFB3-469C-A9C8-4EA95E26277D}.Debug|Any CPU.Build.0 = Debug|Any CPU
		{ECB35657-CFB3-469C-A9C8-4EA95E26277D}.Release|Any CPU.ActiveCfg = Release|Any CPU
		{ECB35657-CFB3-469C-A9C8-4EA95E26277D}.Release|Any CPU.Build.0 = Release|Any CPU
	EndGlobalSection
	GlobalSection(SolutionProperties) = preSolution
		HideSolutionNode = FALSE
	EndGlobalSection
	GlobalSection(ExtensibilityGlobals) = postSolution
		SolutionGuid = {4EDCAC73-AD20-462D-A88C-54A558034366}
	EndGlobalSection
EndGlobal
